
Microsoft Visual Studio Solution File, Format Version 12.00
# Visual Studio Version 16
VisualStudioVersion = 16.0.31727.386
MinimumVisualStudioVersion = 10.0.40219.1
Project("{9A19103F-16F7-4668-BE54-9A1E7A4F7556}") = "Targil0", "Targil0\Targil0.csproj", "{FF3BCCAE-D84C-4AD9-88A0-345283899F67}"
EndProject
Project("{2150E333-8FDC-42A3-9474-1A3956D46DE8}") = "Solution Items", "Solution Items", "{12C3ED1D-E867-4E5B-97F9-D9E7F0EC3ED6}"
	ProjectSection(SolutionItems) = preProject
		README.md = README.md
	EndProjectSection
EndProject
Project("{9A19103F-16F7-4668-BE54-9A1E7A4F7556}") = "ConsoleUI", "ConsoleUI\ConsoleUI.csproj", "{8F3338CD-09C4-4EAC-8E0D-5B5CA9BE2795}"
EndProject
Project("{9A19103F-16F7-4668-BE54-9A1E7A4F7556}") = "DAL", "DAL\DAL.csproj", "{63CDBBF1-EEE5-4A43-AF52-2FB972DF1CCD}"
EndProject
Project("{9A19103F-16F7-4668-BE54-9A1E7A4F7556}") = "BLL", "BL\BLL.csproj", "{FE2D98B8-ADA7-40F2-8ECA-D0A2AD87B362}"
EndProject
Project("{9A19103F-16F7-4668-BE54-9A1E7A4F7556}") = "ConsoleUI_BL", "ConsoleUI_BL\ConsoleUI_BL.csproj", "{32333245-497F-4F58-953D-B5AA3C231DD5}"
EndProject
Project("{9A19103F-16F7-4668-BE54-9A1E7A4F7556}") = "PL", "PL\PL.csproj", "{465E9257-84EB-4A6E-A9C3-F926F9DE7951}"
EndProject
Project("{2150E333-8FDC-42A3-9474-1A3956D46DE8}") = "EX123", "EX123", "{7AB9C62A-FA4A-4C03-8876-4D3ABD7FE392}"
EndProject
Project("{9A19103F-16F7-4668-BE54-9A1E7A4F7556}") = "BL", "BLL\BL.csproj", "{C003EE30-9458-479E-BD82-3D492C7C5E7F}"
EndProject
Project("{9A19103F-16F7-4668-BE54-9A1E7A4F7556}") = "DalFacade", "DALFacade\DalFacade.csproj", "{87668E38-EE4E-4E35-B870-40CC3E2993CE}"
EndProject
Project("{9A19103F-16F7-4668-BE54-9A1E7A4F7556}") = "DalObject", "DALObject\DalObject.csproj", "{719AEC7C-9EDF-47CE-908E-AA665009CBE2}"
EndProject
Project("{9A19103F-16F7-4668-BE54-9A1E7A4F7556}") = "DalXml", "DALXML\DalXml.csproj", "{DF97B721-D95A-4B60-B937-A543C10AD891}"
EndProject
Global
	GlobalSection(SolutionConfigurationPlatforms) = preSolution
		Debug|Any CPU = Debug|Any CPU
		Release|Any CPU = Release|Any CPU
	EndGlobalSection
	GlobalSection(ProjectConfigurationPlatforms) = postSolution
		{FF3BCCAE-D84C-4AD9-88A0-345283899F67}.Debug|Any CPU.ActiveCfg = Debug|Any CPU
		{FF3BCCAE-D84C-4AD9-88A0-345283899F67}.Debug|Any CPU.Build.0 = Debug|Any CPU
		{FF3BCCAE-D84C-4AD9-88A0-345283899F67}.Release|Any CPU.ActiveCfg = Release|Any CPU
		{FF3BCCAE-D84C-4AD9-88A0-345283899F67}.Release|Any CPU.Build.0 = Release|Any CPU
		{8F3338CD-09C4-4EAC-8E0D-5B5CA9BE2795}.Debug|Any CPU.ActiveCfg = Debug|Any CPU
		{8F3338CD-09C4-4EAC-8E0D-5B5CA9BE2795}.Debug|Any CPU.Build.0 = Debug|Any CPU
		{8F3338CD-09C4-4EAC-8E0D-5B5CA9BE2795}.Release|Any CPU.ActiveCfg = Release|Any CPU
		{8F3338CD-09C4-4EAC-8E0D-5B5CA9BE2795}.Release|Any CPU.Build.0 = Release|Any CPU
		{63CDBBF1-EEE5-4A43-AF52-2FB972DF1CCD}.Debug|Any CPU.ActiveCfg = Debug|Any CPU
		{63CDBBF1-EEE5-4A43-AF52-2FB972DF1CCD}.Debug|Any CPU.Build.0 = Debug|Any CPU
		{63CDBBF1-EEE5-4A43-AF52-2FB972DF1CCD}.Release|Any CPU.ActiveCfg = Release|Any CPU
		{63CDBBF1-EEE5-4A43-AF52-2FB972DF1CCD}.Release|Any CPU.Build.0 = Release|Any CPU
		{FE2D98B8-ADA7-40F2-8ECA-D0A2AD87B362}.Debug|Any CPU.ActiveCfg = Debug|Any CPU
		{FE2D98B8-ADA7-40F2-8ECA-D0A2AD87B362}.Debug|Any CPU.Build.0 = Debug|Any CPU
		{FE2D98B8-ADA7-40F2-8ECA-D0A2AD87B362}.Release|Any CPU.ActiveCfg = Release|Any CPU
		{FE2D98B8-ADA7-40F2-8ECA-D0A2AD87B362}.Release|Any CPU.Build.0 = Release|Any CPU
		{32333245-497F-4F58-953D-B5AA3C231DD5}.Debug|Any CPU.ActiveCfg = Debug|Any CPU
		{32333245-497F-4F58-953D-B5AA3C231DD5}.Debug|Any CPU.Build.0 = Debug|Any CPU
		{32333245-497F-4F58-953D-B5AA3C231DD5}.Release|Any CPU.ActiveCfg = Release|Any CPU
		{32333245-497F-4F58-953D-B5AA3C231DD5}.Release|Any CPU.Build.0 = Release|Any CPU
		{465E9257-84EB-4A6E-A9C3-F926F9DE7951}.Debug|Any CPU.ActiveCfg = Debug|Any CPU
		{465E9257-84EB-4A6E-A9C3-F926F9DE7951}.Debug|Any CPU.Build.0 = Debug|Any CPU
		{465E9257-84EB-4A6E-A9C3-F926F9DE7951}.Release|Any CPU.ActiveCfg = Release|Any CPU
		{465E9257-84EB-4A6E-A9C3-F926F9DE7951}.Release|Any CPU.Build.0 = Release|Any CPU
		{C003EE30-9458-479E-BD82-3D492C7C5E7F}.Debug|Any CPU.ActiveCfg = Debug|Any CPU
		{C003EE30-9458-479E-BD82-3D492C7C5E7F}.Debug|Any CPU.Build.0 = Debug|Any CPU
		{C003EE30-9458-479E-BD82-3D492C7C5E7F}.Release|Any CPU.ActiveCfg = Release|Any CPU
		{C003EE30-9458-479E-BD82-3D492C7C5E7F}.Release|Any CPU.Build.0 = Release|Any CPU
		{87668E38-EE4E-4E35-B870-40CC3E2993CE}.Debug|Any CPU.ActiveCfg = Debug|Any CPU
		{87668E38-EE4E-4E35-B870-40CC3E2993CE}.Debug|Any CPU.Build.0 = Debug|Any CPU
		{87668E38-EE4E-4E35-B870-40CC3E2993CE}.Release|Any CPU.ActiveCfg = Release|Any CPU
		{87668E38-EE4E-4E35-B870-40CC3E2993CE}.Release|Any CPU.Build.0 = Release|Any CPU
		{719AEC7C-9EDF-47CE-908E-AA665009CBE2}.Debug|Any CPU.ActiveCfg = Debug|Any CPU
		{719AEC7C-9EDF-47CE-908E-AA665009CBE2}.Debug|Any CPU.Build.0 = Debug|Any CPU
		{719AEC7C-9EDF-47CE-908E-AA665009CBE2}.Release|Any CPU.ActiveCfg = Release|Any CPU
		{719AEC7C-9EDF-47CE-908E-AA665009CBE2}.Release|Any CPU.Build.0 = Release|Any CPU
		{DF97B721-D95A-4B60-B937-A543C10AD891}.Debug|Any CPU.ActiveCfg = Debug|Any CPU
		{DF97B721-D95A-4B60-B937-A543C10AD891}.Debug|Any CPU.Build.0 = Debug|Any CPU
		{DF97B721-D95A-4B60-B937-A543C10AD891}.Release|Any CPU.ActiveCfg = Release|Any CPU
		{DF97B721-D95A-4B60-B937-A543C10AD891}.Release|Any CPU.Build.0 = Release|Any CPU
	EndGlobalSection
	GlobalSection(SolutionProperties) = preSolution
		HideSolutionNode = FALSE
	EndGlobalSection
	GlobalSection(NestedProjects) = preSolution
		{FF3BCCAE-D84C-4AD9-88A0-345283899F67} = {7AB9C62A-FA4A-4C03-8876-4D3ABD7FE392}
		{8F3338CD-09C4-4EAC-8E0D-5B5CA9BE2795} = {7AB9C62A-FA4A-4C03-8876-4D3ABD7FE392}
		{63CDBBF1-EEE5-4A43-AF52-2FB972DF1CCD} = {7AB9C62A-FA4A-4C03-8876-4D3ABD7FE392}
		{FE2D98B8-ADA7-40F2-8ECA-D0A2AD87B362} = {7AB9C62A-FA4A-4C03-8876-4D3ABD7FE392}
		{32333245-497F-4F58-953D-B5AA3C231DD5} = {7AB9C62A-FA4A-4C03-8876-4D3ABD7FE392}
		{465E9257-84EB-4A6E-A9C3-F926F9DE7951} = {12C3ED1D-E867-4E5B-97F9-D9E7F0EC3ED6}
		{7AB9C62A-FA4A-4C03-8876-4D3ABD7FE392} = {12C3ED1D-E867-4E5B-97F9-D9E7F0EC3ED6}
		{C003EE30-9458-479E-BD82-3D492C7C5E7F} = {12C3ED1D-E867-4E5B-97F9-D9E7F0EC3ED6}
		{87668E38-EE4E-4E35-B870-40CC3E2993CE} = {12C3ED1D-E867-4E5B-97F9-D9E7F0EC3ED6}
		{719AEC7C-9EDF-47CE-908E-AA665009CBE2} = {12C3ED1D-E867-4E5B-97F9-D9E7F0EC3ED6}
		{DF97B721-D95A-4B60-B937-A543C10AD891} = {12C3ED1D-E867-4E5B-97F9-D9E7F0EC3ED6}
	EndGlobalSection
	GlobalSection(ExtensibilityGlobals) = postSolution
		SolutionGuid = {20BF61C8-4232-4DC9-8BB3-9C26072DAFCE}
	EndGlobalSection
EndGlobal
